
Microsoft Visual Studio Solution File, Format Version 12.00
# Visual Studio Version 17
VisualStudioVersion = 17.8.34408.163
MinimumVisualStudioVersion = 10.0.40219.1
Project("{FAE04EC0-301F-11D3-BF4B-00C04F79EFBC}") = "EntityBasedAuth.Domain", "EntityBasedAuth.Domain\EntityBasedAuth.Domain.csproj", "{600520BC-1FDC-4E0B-B150-3928742C2C5F}"
EndProject
Project("{FAE04EC0-301F-11D3-BF4B-00C04F79EFBC}") = "EntitiyBasedAuth.Test", "EntitiyBasedAuth.Test\EntitiyBasedAuth.Test.csproj", "{C6A0B0A1-C471-4F15-9F23-1C2BAEA4C7B4}"
EndProject
Project("{9A19103F-16F7-4668-BE54-9A1E7A4F7556}") = "EntityBasedAuth.Authorization", "EntityBasedAuth.Authorization\EntityBasedAuth.Authorization.csproj", "{5C224650-88A7-4BE8-A3B8-99B9D17302D2}"
EndProject
Project("{9A19103F-16F7-4668-BE54-9A1E7A4F7556}") = "EntityBasedAuth.MVC", "EntityBasedAuth.MVC\EntityBasedAuth.MVC.csproj", "{AE38BBCB-49D8-4712-8297-928E154D3848}"
EndProject
Global
	GlobalSection(SolutionConfigurationPlatforms) = preSolution
		Debug|Any CPU = Debug|Any CPU
		Release|Any CPU = Release|Any CPU
	EndGlobalSection
	GlobalSection(ProjectConfigurationPlatforms) = postSolution
		{600520BC-1FDC-4E0B-B150-3928742C2C5F}.Debug|Any CPU.ActiveCfg = Debug|Any CPU
		{600520BC-1FDC-4E0B-B150-3928742C2C5F}.Debug|Any CPU.Build.0 = Debug|Any CPU
		{600520BC-1FDC-4E0B-B150-3928742C2C5F}.Release|Any CPU.ActiveCfg = Release|Any CPU
		{600520BC-1FDC-4E0B-B150-3928742C2C5F}.Release|Any CPU.Build.0 = Release|Any CPU
		{C6A0B0A1-C471-4F15-9F23-1C2BAEA4C7B4}.Debug|Any CPU.ActiveCfg = Debug|Any CPU
		{C6A0B0A1-C471-4F15-9F23-1C2BAEA4C7B4}.Debug|Any CPU.Build.0 = Debug|Any CPU
		{C6A0B0A1-C471-4F15-9F23-1C2BAEA4C7B4}.Release|Any CPU.ActiveCfg = Release|Any CPU
		{C6A0B0A1-C471-4F15-9F23-1C2BAEA4C7B4}.Release|Any CPU.Build.0 = Release|Any CPU
		{5C224650-88A7-4BE8-A3B8-99B9D17302D2}.Debug|Any CPU.ActiveCfg = Debug|Any CPU
		{5C224650-88A7-4BE8-A3B8-99B9D17302D2}.Debug|Any CPU.Build.0 = Debug|Any CPU
		{5C224650-88A7-4BE8-A3B8-99B9D17302D2}.Release|Any CPU.ActiveCfg = Release|Any CPU
		{5C224650-88A7-4BE8-A3B8-99B9D17302D2}.Release|Any CPU.Build.0 = Release|Any CPU
		{AE38BBCB-49D8-4712-8297-928E154D3848}.Debug|Any CPU.ActiveCfg = Debug|Any CPU
		{AE38BBCB-49D8-4712-8297-928E154D3848}.Debug|Any CPU.Build.0 = Debug|Any CPU
		{AE38BBCB-49D8-4712-8297-928E154D3848}.Release|Any CPU.ActiveCfg = Release|Any CPU
		{AE38BBCB-49D8-4712-8297-928E154D3848}.Release|Any CPU.Build.0 = Release|Any CPU
	EndGlobalSection
	GlobalSection(SolutionProperties) = preSolution
		HideSolutionNode = FALSE
	EndGlobalSection
	GlobalSection(ExtensibilityGlobals) = postSolution
		SolutionGuid = {1FB68684-C6D6-4B80-BEAA-9DFD61B427D2}
	EndGlobalSection
EndGlobal
